// !$*UTF8*$!
{
	archiveVersion = 1;
	classes = {
	};
	objectVersion = 56;
	objects = {

/* Begin PBXBuildFile section */
		CC2BB25529539F2900ABEB6D /* PromptStyles.swift in Sources */ = {isa = PBXBuildFile; fileRef = CC2BB25429539F2900ABEB6D /* PromptStyles.swift */; };
		CC2BB2572953D9B400ABEB6D /* PromptStylesManager.swift in Sources */ = {isa = PBXBuildFile; fileRef = CC2BB2562953D9B400ABEB6D /* PromptStylesManager.swift */; };
		CC2BB259295636DD00ABEB6D /* AdvancedOptionsModalView.swift in Sources */ = {isa = PBXBuildFile; fileRef = CC2BB258295636DD00ABEB6D /* AdvancedOptionsModalView.swift */; };
		CC2BB25B295647FE00ABEB6D /* AdvancedOptions.swift in Sources */ = {isa = PBXBuildFile; fileRef = CC2BB25A295647FD00ABEB6D /* AdvancedOptions.swift */; };
		CCFFFAD4295CDECA00AF23C5 /* AdvancedOptionsHelpModalView.swift in Sources */ = {isa = PBXBuildFile; fileRef = CCFFFAD3295CDECA00AF23C5 /* AdvancedOptionsHelpModalView.swift */; };
		FE06E62128FE1FF600B6F4CE /* AiDrawApp.swift in Sources */ = {isa = PBXBuildFile; fileRef = FE06E62028FE1FF600B6F4CE /* AiDrawApp.swift */; };
		FE06E62328FE1FF600B6F4CE /* SelectProjectView.swift in Sources */ = {isa = PBXBuildFile; fileRef = FE06E62228FE1FF600B6F4CE /* SelectProjectView.swift */; };
		FE06E62528FE1FF700B6F4CE /* Assets.xcassets in Resources */ = {isa = PBXBuildFile; fileRef = FE06E62428FE1FF700B6F4CE /* Assets.xcassets */; };
		FE06E62928FE1FF700B6F4CE /* Preview Assets.xcassets in Resources */ = {isa = PBXBuildFile; fileRef = FE06E62828FE1FF700B6F4CE /* Preview Assets.xcassets */; };
		FE3CE88E29621FF400A57BF0 /* LayersModalView.swift in Sources */ = {isa = PBXBuildFile; fileRef = FE3CE88D29621FF400A57BF0 /* LayersModalView.swift */; };
		FE3CE890296220A500A57BF0 /* LayerModalRowView.swift in Sources */ = {isa = PBXBuildFile; fileRef = FE3CE88F296220A500A57BF0 /* LayerModalRowView.swift */; };
		FE3CE892296223E100A57BF0 /* DrawingLayer.swift in Sources */ = {isa = PBXBuildFile; fileRef = FE3CE891296223E100A57BF0 /* DrawingLayer.swift */; };
		FE3CE89429629D3A00A57BF0 /* SendToAiView.swift in Sources */ = {isa = PBXBuildFile; fileRef = FE3CE89329629D3A00A57BF0 /* SendToAiView.swift */; };
		FE3CE89A2963967D00A57BF0 /* OptionalInferenceView.swift in Sources */ = {isa = PBXBuildFile; fileRef = FE3CE8992963967D00A57BF0 /* OptionalInferenceView.swift */; };
		FE48C1BF295BAF5400DC2474 /* MaskOptions.swift in Sources */ = {isa = PBXBuildFile; fileRef = FE48C1BE295BAF5400DC2474 /* MaskOptions.swift */; };
		FE58DACA2936F32B001012B5 /* FirebaseAnalytics in Frameworks */ = {isa = PBXBuildFile; productRef = FE58DAC92936F32B001012B5 /* FirebaseAnalytics */; };
		FE58DACC2936F32B001012B5 /* FirebaseCrashlytics in Frameworks */ = {isa = PBXBuildFile; productRef = FE58DACB2936F32B001012B5 /* FirebaseCrashlytics */; };
		FE58DACE2936F34C001012B5 /* GoogleService-Info.plist in Resources */ = {isa = PBXBuildFile; fileRef = FE58DACD2936F34C001012B5 /* GoogleService-Info.plist */; };
		FE58DAD12936F441001012B5 /* AdSupport.framework in Frameworks */ = {isa = PBXBuildFile; fileRef = FE58DAD02936F441001012B5 /* AdSupport.framework */; };
		FE58DAD32936F535001012B5 /* AnalyticsHelper.swift in Sources */ = {isa = PBXBuildFile; fileRef = FE58DAD22936F535001012B5 /* AnalyticsHelper.swift */; };
		FE62BF7F292E5D9700CC6055 /* InferenceModels.swift in Sources */ = {isa = PBXBuildFile; fileRef = FE62BF7E292E5D9700CC6055 /* InferenceModels.swift */; };
		FE62BF81292E5E0500CC6055 /* Constants.swift in Sources */ = {isa = PBXBuildFile; fileRef = FE62BF80292E5E0500CC6055 /* Constants.swift */; };
		FE62BF84292E603300CC6055 /* Alamofire in Frameworks */ = {isa = PBXBuildFile; productRef = FE62BF83292E603300CC6055 /* Alamofire */; };
		FE6C393C29453DFA00E05F52 /* OnboardingView.swift in Sources */ = {isa = PBXBuildFile; fileRef = FE6C393B29453DFA00E05F52 /* OnboardingView.swift */; };
		FE754531295BF272001D81DF /* InferenceTextField.swift in Sources */ = {isa = PBXBuildFile; fileRef = FE754530295BF272001D81DF /* InferenceTextField.swift */; };
		FE791C38294041A400E39A48 /* FirebaseMessaging in Frameworks */ = {isa = PBXBuildFile; productRef = FE791C37294041A400E39A48 /* FirebaseMessaging */; };
		FE791C3C2944FAF200E39A48 /* Extensions.swift in Sources */ = {isa = PBXBuildFile; fileRef = FE791C3B2944FAF200E39A48 /* Extensions.swift */; };
		FE791C3E2945016A00E39A48 /* AlertManager.swift in Sources */ = {isa = PBXBuildFile; fileRef = FE791C3D2945016A00E39A48 /* AlertManager.swift */; };
		FE7DAB1029555E9C0037AD7E /* GoogleMobileAds in Frameworks */ = {isa = PBXBuildFile; productRef = FE7DAB0F29555E9C0037AD7E /* GoogleMobileAds */; };
		FE7DAB122955621C0037AD7E /* BannerAdView.swift in Sources */ = {isa = PBXBuildFile; fileRef = FE7DAB112955621C0037AD7E /* BannerAdView.swift */; };
		FE7DAB1D295901300037AD7E /* CreateMaskModalView.swift in Sources */ = {isa = PBXBuildFile; fileRef = FE7DAB1C295901300037AD7E /* CreateMaskModalView.swift */; };
		FE84B2A7294FBB5F00A84F3E /* ProgressBarView.swift in Sources */ = {isa = PBXBuildFile; fileRef = FE84B2A6294FBB5F00A84F3E /* ProgressBarView.swift */; };
		FE93E0372946E40C00D33D14 /* OnboardingTabView.swift in Sources */ = {isa = PBXBuildFile; fileRef = FE93E0362946E40C00D33D14 /* OnboardingTabView.swift */; };
		FEACF992290CC11300276E2E /* ImageHelper.swift in Sources */ = {isa = PBXBuildFile; fileRef = FEACF991290CC11300276E2E /* ImageHelper.swift */; };
		FEACF994290CC3DF00276E2E /* DrawingProject.swift in Sources */ = {isa = PBXBuildFile; fileRef = FEACF993290CC3DF00276E2E /* DrawingProject.swift */; };
		FEACF996290CCB5800276E2E /* CodeableImage.swift in Sources */ = {isa = PBXBuildFile; fileRef = FEACF995290CCB5800276E2E /* CodeableImage.swift */; };
		FEACF998290D717000276E2E /* ProjectStore.swift in Sources */ = {isa = PBXBuildFile; fileRef = FEACF997290D717000276E2E /* ProjectStore.swift */; };
		FEC6BCE3295DF4A5001E97A2 /* PhotoPickerView.swift in Sources */ = {isa = PBXBuildFile; fileRef = FEC6BCE2295DF4A5001E97A2 /* PhotoPickerView.swift */; };
		FEC6BCE5295E0943001E97A2 /* InterstitialAdView.swift in Sources */ = {isa = PBXBuildFile; fileRef = FEC6BCE4295E0943001E97A2 /* InterstitialAdView.swift */; };
		FEDA3DC12949848E0074BBCA /* AppDelegate.swift in Sources */ = {isa = PBXBuildFile; fileRef = FEDA3DC02949848E0074BBCA /* AppDelegate.swift */; };
		FEDA3DC42949853C0074BBCA /* PushNotificationHelper.swift in Sources */ = {isa = PBXBuildFile; fileRef = FEDA3DC32949853C0074BBCA /* PushNotificationHelper.swift */; };
		FEDCAAC72900EAF3007D40A5 /* DrawingView.swift in Sources */ = {isa = PBXBuildFile; fileRef = FEDCAAC62900EAF3007D40A5 /* DrawingView.swift */; };
		FEDCAAC929025918007D40A5 /* CanvasView.swift in Sources */ = {isa = PBXBuildFile; fileRef = FEDCAAC829025918007D40A5 /* CanvasView.swift */; };
		FEDCAACE29025F92007D40A5 /* ServiceHelper.swift in Sources */ = {isa = PBXBuildFile; fileRef = FEDCAACD29025F92007D40A5 /* ServiceHelper.swift */; };
		FEDCAAD1290263B2007D40A5 /* InferenceModalView.swift in Sources */ = {isa = PBXBuildFile; fileRef = FEDCAAD0290263B2007D40A5 /* InferenceModalView.swift */; };
		FEDCAAD72903A51B007D40A5 /* ImagePickerView.swift in Sources */ = {isa = PBXBuildFile; fileRef = FEDCAAD62903A51B007D40A5 /* ImagePickerView.swift */; };
		FEF0610A294FF3F700B60ADF /* SelectableProjectView.swift in Sources */ = {isa = PBXBuildFile; fileRef = FEF06109294FF3F700B60ADF /* SelectableProjectView.swift */; };
/* End PBXBuildFile section */

/* Begin PBXFileReference section */
		CC2BB25429539F2900ABEB6D /* PromptStyles.swift */ = {isa = PBXFileReference; lastKnownFileType = sourcecode.swift; path = PromptStyles.swift; sourceTree = "<group>"; };
		CC2BB2562953D9B400ABEB6D /* PromptStylesManager.swift */ = {isa = PBXFileReference; lastKnownFileType = sourcecode.swift; path = PromptStylesManager.swift; sourceTree = "<group>"; };
		CC2BB258295636DD00ABEB6D /* AdvancedOptionsModalView.swift */ = {isa = PBXFileReference; lastKnownFileType = sourcecode.swift; path = AdvancedOptionsModalView.swift; sourceTree = "<group>"; };
		CC2BB25A295647FD00ABEB6D /* AdvancedOptions.swift */ = {isa = PBXFileReference; lastKnownFileType = sourcecode.swift; path = AdvancedOptions.swift; sourceTree = "<group>"; };
		CCFFFAD3295CDECA00AF23C5 /* AdvancedOptionsHelpModalView.swift */ = {isa = PBXFileReference; lastKnownFileType = sourcecode.swift; path = AdvancedOptionsHelpModalView.swift; sourceTree = "<group>"; };
		FE06E61D28FE1FF600B6F4CE /* AiDraw.app */ = {isa = PBXFileReference; explicitFileType = wrapper.application; includeInIndex = 0; path = AiDraw.app; sourceTree = BUILT_PRODUCTS_DIR; };
		FE06E62028FE1FF600B6F4CE /* AiDrawApp.swift */ = {isa = PBXFileReference; lastKnownFileType = sourcecode.swift; path = AiDrawApp.swift; sourceTree = "<group>"; };
		FE06E62228FE1FF600B6F4CE /* SelectProjectView.swift */ = {isa = PBXFileReference; lastKnownFileType = sourcecode.swift; path = SelectProjectView.swift; sourceTree = "<group>"; };
		FE06E62428FE1FF700B6F4CE /* Assets.xcassets */ = {isa = PBXFileReference; lastKnownFileType = folder.assetcatalog; path = Assets.xcassets; sourceTree = "<group>"; };
		FE06E62628FE1FF700B6F4CE /* AiDraw.entitlements */ = {isa = PBXFileReference; lastKnownFileType = text.plist.entitlements; path = AiDraw.entitlements; sourceTree = "<group>"; };
		FE06E62828FE1FF700B6F4CE /* Preview Assets.xcassets */ = {isa = PBXFileReference; lastKnownFileType = folder.assetcatalog; path = "Preview Assets.xcassets"; sourceTree = "<group>"; };
		FE3CE88D29621FF400A57BF0 /* LayersModalView.swift */ = {isa = PBXFileReference; lastKnownFileType = sourcecode.swift; path = LayersModalView.swift; sourceTree = "<group>"; };
		FE3CE88F296220A500A57BF0 /* LayerModalRowView.swift */ = {isa = PBXFileReference; lastKnownFileType = sourcecode.swift; path = LayerModalRowView.swift; sourceTree = "<group>"; };
		FE3CE891296223E100A57BF0 /* DrawingLayer.swift */ = {isa = PBXFileReference; lastKnownFileType = sourcecode.swift; path = DrawingLayer.swift; sourceTree = "<group>"; };
		FE3CE89329629D3A00A57BF0 /* SendToAiView.swift */ = {isa = PBXFileReference; lastKnownFileType = sourcecode.swift; path = SendToAiView.swift; sourceTree = "<group>"; };
		FE3CE8992963967D00A57BF0 /* OptionalInferenceView.swift */ = {isa = PBXFileReference; lastKnownFileType = sourcecode.swift; path = OptionalInferenceView.swift; sourceTree = "<group>"; };
		FE48C1BE295BAF5400DC2474 /* MaskOptions.swift */ = {isa = PBXFileReference; lastKnownFileType = sourcecode.swift; path = MaskOptions.swift; sourceTree = "<group>"; };
		FE58DACD2936F34C001012B5 /* GoogleService-Info.plist */ = {isa = PBXFileReference; fileEncoding = 4; lastKnownFileType = text.plist.xml; path = "GoogleService-Info.plist"; sourceTree = "<group>"; };
		FE58DAD02936F441001012B5 /* AdSupport.framework */ = {isa = PBXFileReference; lastKnownFileType = wrapper.framework; name = AdSupport.framework; path = Platforms/iPhoneOS.platform/Developer/SDKs/iPhoneOS16.1.sdk/System/Library/Frameworks/AdSupport.framework; sourceTree = DEVELOPER_DIR; };
		FE58DAD22936F535001012B5 /* AnalyticsHelper.swift */ = {isa = PBXFileReference; lastKnownFileType = sourcecode.swift; path = AnalyticsHelper.swift; sourceTree = "<group>"; };
		FE62BF7E292E5D9700CC6055 /* InferenceModels.swift */ = {isa = PBXFileReference; lastKnownFileType = sourcecode.swift; path = InferenceModels.swift; sourceTree = "<group>"; };
		FE62BF80292E5E0500CC6055 /* Constants.swift */ = {isa = PBXFileReference; lastKnownFileType = sourcecode.swift; path = Constants.swift; sourceTree = "<group>"; };
		FE6C393B29453DFA00E05F52 /* OnboardingView.swift */ = {isa = PBXFileReference; lastKnownFileType = sourcecode.swift; path = OnboardingView.swift; sourceTree = "<group>"; };
		FE754530295BF272001D81DF /* InferenceTextField.swift */ = {isa = PBXFileReference; lastKnownFileType = sourcecode.swift; path = InferenceTextField.swift; sourceTree = "<group>"; };
		FE791C3B2944FAF200E39A48 /* Extensions.swift */ = {isa = PBXFileReference; lastKnownFileType = sourcecode.swift; path = Extensions.swift; sourceTree = "<group>"; };
		FE791C3D2945016A00E39A48 /* AlertManager.swift */ = {isa = PBXFileReference; lastKnownFileType = sourcecode.swift; path = AlertManager.swift; sourceTree = "<group>"; };
		FE7DAB112955621C0037AD7E /* BannerAdView.swift */ = {isa = PBXFileReference; lastKnownFileType = sourcecode.swift; path = BannerAdView.swift; sourceTree = "<group>"; };
		FE7DAB1C295901300037AD7E /* CreateMaskModalView.swift */ = {isa = PBXFileReference; lastKnownFileType = sourcecode.swift; path = CreateMaskModalView.swift; sourceTree = "<group>"; };
		FE84B2A0294F8EDE00A84F3E /* SelectableProjectView.swift */ = {isa = PBXFileReference; lastKnownFileType = sourcecode.swift; name = SelectableProjectView.swift; path = AiDraw/Views/SelectableProjectView.swift; sourceTree = SOURCE_ROOT; };
		FE84B2A6294FBB5F00A84F3E /* ProgressBarView.swift */ = {isa = PBXFileReference; lastKnownFileType = sourcecode.swift; path = ProgressBarView.swift; sourceTree = "<group>"; };
		FE93E0362946E40C00D33D14 /* OnboardingTabView.swift */ = {isa = PBXFileReference; lastKnownFileType = sourcecode.swift; path = OnboardingTabView.swift; sourceTree = "<group>"; };
		FEACF991290CC11300276E2E /* ImageHelper.swift */ = {isa = PBXFileReference; lastKnownFileType = sourcecode.swift; path = ImageHelper.swift; sourceTree = "<group>"; };
		FEACF993290CC3DF00276E2E /* DrawingProject.swift */ = {isa = PBXFileReference; lastKnownFileType = sourcecode.swift; path = DrawingProject.swift; sourceTree = "<group>"; };
		FEACF995290CCB5800276E2E /* CodeableImage.swift */ = {isa = PBXFileReference; lastKnownFileType = sourcecode.swift; path = CodeableImage.swift; sourceTree = "<group>"; };
		FEACF997290D717000276E2E /* ProjectStore.swift */ = {isa = PBXFileReference; lastKnownFileType = sourcecode.swift; path = ProjectStore.swift; sourceTree = "<group>"; };
		FEC6BCE2295DF4A5001E97A2 /* PhotoPickerView.swift */ = {isa = PBXFileReference; lastKnownFileType = sourcecode.swift; path = PhotoPickerView.swift; sourceTree = "<group>"; };
		FEC6BCE4295E0943001E97A2 /* InterstitialAdView.swift */ = {isa = PBXFileReference; lastKnownFileType = sourcecode.swift; path = InterstitialAdView.swift; sourceTree = "<group>"; };
		FEDA3DC02949848E0074BBCA /* AppDelegate.swift */ = {isa = PBXFileReference; lastKnownFileType = sourcecode.swift; path = AppDelegate.swift; sourceTree = "<group>"; };
		FEDA3DC32949853C0074BBCA /* PushNotificationHelper.swift */ = {isa = PBXFileReference; lastKnownFileType = sourcecode.swift; path = PushNotificationHelper.swift; sourceTree = "<group>"; };
		FEDCAAC62900EAF3007D40A5 /* DrawingView.swift */ = {isa = PBXFileReference; lastKnownFileType = sourcecode.swift; path = DrawingView.swift; sourceTree = "<group>"; };
		FEDCAAC829025918007D40A5 /* CanvasView.swift */ = {isa = PBXFileReference; lastKnownFileType = sourcecode.swift; path = CanvasView.swift; sourceTree = "<group>"; };
		FEDCAACD29025F92007D40A5 /* ServiceHelper.swift */ = {isa = PBXFileReference; lastKnownFileType = sourcecode.swift; path = ServiceHelper.swift; sourceTree = "<group>"; };
		FEDCAACF29026300007D40A5 /* Info.plist */ = {isa = PBXFileReference; lastKnownFileType = text.plist; path = Info.plist; sourceTree = "<group>"; };
		FEDCAAD0290263B2007D40A5 /* InferenceModalView.swift */ = {isa = PBXFileReference; lastKnownFileType = sourcecode.swift; path = InferenceModalView.swift; sourceTree = "<group>"; };
		FEDCAAD62903A51B007D40A5 /* ImagePickerView.swift */ = {isa = PBXFileReference; lastKnownFileType = sourcecode.swift; path = ImagePickerView.swift; sourceTree = "<group>"; };
		FEF06109294FF3F700B60ADF /* SelectableProjectView.swift */ = {isa = PBXFileReference; fileEncoding = 4; lastKnownFileType = sourcecode.swift; path = SelectableProjectView.swift; sourceTree = "<group>"; };
/* End PBXFileReference section */

/* Begin PBXFrameworksBuildPhase section */
		FE06E61A28FE1FF600B6F4CE /* Frameworks */ = {
			isa = PBXFrameworksBuildPhase;
			buildActionMask = 2147483647;
			files = (
				FE7DAB1029555E9C0037AD7E /* GoogleMobileAds in Frameworks */,
				FE791C38294041A400E39A48 /* FirebaseMessaging in Frameworks */,
				FE58DAD12936F441001012B5 /* AdSupport.framework in Frameworks */,
				FE58DACC2936F32B001012B5 /* FirebaseCrashlytics in Frameworks */,
				FE62BF84292E603300CC6055 /* Alamofire in Frameworks */,
				FE58DACA2936F32B001012B5 /* FirebaseAnalytics in Frameworks */,
			);
			runOnlyForDeploymentPostprocessing = 0;
		};
/* End PBXFrameworksBuildPhase section */

/* Begin PBXGroup section */
		CCFFFAD2295CDE5900AF23C5 /* AdvancedOptions */ = {
			isa = PBXGroup;
			children = (
				CC2BB258295636DD00ABEB6D /* AdvancedOptionsModalView.swift */,
				CCFFFAD3295CDECA00AF23C5 /* AdvancedOptionsHelpModalView.swift */,
			);
			path = AdvancedOptions;
			sourceTree = "<group>";
		};
		FE06E61428FE1FF600B6F4CE = {
			isa = PBXGroup;
			children = (
				FE58DACD2936F34C001012B5 /* GoogleService-Info.plist */,
				FE06E61F28FE1FF600B6F4CE /* AiDraw */,
				FE06E61E28FE1FF600B6F4CE /* Products */,
				FE58DACF2936F440001012B5 /* Frameworks */,
			);
			sourceTree = "<group>";
		};
		FE06E61E28FE1FF600B6F4CE /* Products */ = {
			isa = PBXGroup;
			children = (
				FE06E61D28FE1FF600B6F4CE /* AiDraw.app */,
			);
			name = Products;
			sourceTree = "<group>";
		};
		FE06E61F28FE1FF600B6F4CE /* AiDraw */ = {
			isa = PBXGroup;
			children = (
				FEDA3DC2294984FD0074BBCA /* Core */,
				FEDCAAD229026405007D40A5 /* Models */,
				FEDCAACA29025EDE007D40A5 /* Utils */,
				FE06E63028FE261A00B6F4CE /* Resources */,
				FE06E62F28FE206A00B6F4CE /* Views */,
				FE06E62428FE1FF700B6F4CE /* Assets.xcassets */,
				FE06E62628FE1FF700B6F4CE /* AiDraw.entitlements */,
				FEDCAACF29026300007D40A5 /* Info.plist */,
				FE06E62728FE1FF700B6F4CE /* Preview Content */,
			);
			path = AiDraw;
			sourceTree = "<group>";
		};
		FE06E62728FE1FF700B6F4CE /* Preview Content */ = {
			isa = PBXGroup;
			children = (
				FE06E62828FE1FF700B6F4CE /* Preview Assets.xcassets */,
			);
			path = "Preview Content";
			sourceTree = "<group>";
		};
		FE06E62F28FE206A00B6F4CE /* Views */ = {
			isa = PBXGroup;
			children = (
				FE3CE89B29639ED900A57BF0 /* Inference */,
				CCFFFAD2295CDE5900AF23C5 /* AdvancedOptions */,
				FE7DAB132955643E0037AD7E /* Ads */,
				FE791C392944F24300E39A48 /* Drawing */,
				FE6C393A29453DDE00E05F52 /* Tutorial */,
				FE06E62228FE1FF600B6F4CE /* SelectProjectView.swift */,
				FEF06109294FF3F700B60ADF /* SelectableProjectView.swift */,
				FE84B2A6294FBB5F00A84F3E /* ProgressBarView.swift */,
				FEDCAAD62903A51B007D40A5 /* ImagePickerView.swift */,
			);
			path = Views;
			sourceTree = "<group>";
		};
		FE06E63028FE261A00B6F4CE /* Resources */ = {
			isa = PBXGroup;
			children = (
				FE62BF80292E5E0500CC6055 /* Constants.swift */,
			);
			path = Resources;
			sourceTree = "<group>";
		};
		FE3CE89B29639ED900A57BF0 /* Inference */ = {
			isa = PBXGroup;
			children = (
				FE3CE8992963967D00A57BF0 /* OptionalInferenceView.swift */,
				FEDCAAD0290263B2007D40A5 /* InferenceModalView.swift */,
				FE3CE89329629D3A00A57BF0 /* SendToAiView.swift */,
				FE7DAB1C295901300037AD7E /* CreateMaskModalView.swift */,
				FE754530295BF272001D81DF /* InferenceTextField.swift */,
			);
			path = Inference;
			sourceTree = "<group>";
		};
		FE58DACF2936F440001012B5 /* Frameworks */ = {
			isa = PBXGroup;
			children = (
				FE58DAD02936F441001012B5 /* AdSupport.framework */,
			);
			name = Frameworks;
			sourceTree = "<group>";
		};
		FE6C393A29453DDE00E05F52 /* Tutorial */ = {
			isa = PBXGroup;
			children = (
				FE6C393B29453DFA00E05F52 /* OnboardingView.swift */,
				FE93E0362946E40C00D33D14 /* OnboardingTabView.swift */,
				FE84B2A0294F8EDE00A84F3E /* SelectableProjectView.swift */,
			);
			path = Tutorial;
			sourceTree = "<group>";
		};
		FE791C392944F24300E39A48 /* Drawing */ = {
			isa = PBXGroup;
			children = (
				FEDCAAC62900EAF3007D40A5 /* DrawingView.swift */,
				FEDCAAC829025918007D40A5 /* CanvasView.swift */,
				FEC6BCE2295DF4A5001E97A2 /* PhotoPickerView.swift */,
				FE3CE88D29621FF400A57BF0 /* LayersModalView.swift */,
				FE3CE88F296220A500A57BF0 /* LayerModalRowView.swift */,
			);
			path = Drawing;
			sourceTree = "<group>";
		};
		FE7DAB132955643E0037AD7E /* Ads */ = {
			isa = PBXGroup;
			children = (
				FE7DAB112955621C0037AD7E /* BannerAdView.swift */,
				FEC6BCE4295E0943001E97A2 /* InterstitialAdView.swift */,
			);
			path = Ads;
			sourceTree = "<group>";
		};
		FEDA3DC2294984FD0074BBCA /* Core */ = {
			isa = PBXGroup;
			children = (
				FE06E62028FE1FF600B6F4CE /* AiDrawApp.swift */,
				FEDA3DC02949848E0074BBCA /* AppDelegate.swift */,
			);
			path = Core;
			sourceTree = "<group>";
		};
		FEDCAACA29025EDE007D40A5 /* Utils */ = {
			isa = PBXGroup;
			children = (
				FEDCAACD29025F92007D40A5 /* ServiceHelper.swift */,
				FEACF991290CC11300276E2E /* ImageHelper.swift */,
				FE58DAD22936F535001012B5 /* AnalyticsHelper.swift */,
				FE791C3D2945016A00E39A48 /* AlertManager.swift */,
				CC2BB2562953D9B400ABEB6D /* PromptStylesManager.swift */,
				FEACF997290D717000276E2E /* ProjectStore.swift */,
				FE791C3B2944FAF200E39A48 /* Extensions.swift */,
				FEDA3DC32949853C0074BBCA /* PushNotificationHelper.swift */,
			);
			path = Utils;
			sourceTree = "<group>";
		};
		FEDCAAD229026405007D40A5 /* Models */ = {
			isa = PBXGroup;
			children = (
				FEACF993290CC3DF00276E2E /* DrawingProject.swift */,
				FE3CE891296223E100A57BF0 /* DrawingLayer.swift */,
				FEACF995290CCB5800276E2E /* CodeableImage.swift */,
				FE62BF7E292E5D9700CC6055 /* InferenceModels.swift */,
				CC2BB25429539F2900ABEB6D /* PromptStyles.swift */,
				CC2BB25A295647FD00ABEB6D /* AdvancedOptions.swift */,
				FE48C1BE295BAF5400DC2474 /* MaskOptions.swift */,
			);
			path = Models;
			sourceTree = "<group>";
		};
/* End PBXGroup section */

/* Begin PBXNativeTarget section */
		FE06E61C28FE1FF600B6F4CE /* AiDraw */ = {
			isa = PBXNativeTarget;
			buildConfigurationList = FE06E62C28FE1FF700B6F4CE /* Build configuration list for PBXNativeTarget "AiDraw" */;
			buildPhases = (
				FE06E61928FE1FF600B6F4CE /* Sources */,
				FE06E61A28FE1FF600B6F4CE /* Frameworks */,
				FE06E61B28FE1FF600B6F4CE /* Resources */,
			);
			buildRules = (
			);
			dependencies = (
			);
			name = AiDraw;
			packageProductDependencies = (
				FE62BF83292E603300CC6055 /* Alamofire */,
				FE58DAC92936F32B001012B5 /* FirebaseAnalytics */,
				FE58DACB2936F32B001012B5 /* FirebaseCrashlytics */,
				FE791C37294041A400E39A48 /* FirebaseMessaging */,
				FE7DAB0F29555E9C0037AD7E /* GoogleMobileAds */,
			);
			productName = AiDraw;
			productReference = FE06E61D28FE1FF600B6F4CE /* AiDraw.app */;
			productType = "com.apple.product-type.application";
		};
/* End PBXNativeTarget section */

/* Begin PBXProject section */
		FE06E61528FE1FF600B6F4CE /* Project object */ = {
			isa = PBXProject;
			attributes = {
				BuildIndependentTargetsInParallel = 1;
				LastSwiftUpdateCheck = 1400;
				LastUpgradeCheck = 1420;
				TargetAttributes = {
					FE06E61C28FE1FF600B6F4CE = {
						CreatedOnToolsVersion = 14.0.1;
					};
				};
			};
			buildConfigurationList = FE06E61828FE1FF600B6F4CE /* Build configuration list for PBXProject "AiDraw" */;
			compatibilityVersion = "Xcode 14.0";
			developmentRegion = en;
			hasScannedForEncodings = 0;
			knownRegions = (
				en,
				Base,
			);
			mainGroup = FE06E61428FE1FF600B6F4CE;
			packageReferences = (
				FE62BF82292E603300CC6055 /* XCRemoteSwiftPackageReference "Alamofire" */,
				FE2622102932F2670042D35D /* XCRemoteSwiftPackageReference "SwiftUI-Tooltip" */,
				FE58DAC82936F32B001012B5 /* XCRemoteSwiftPackageReference "firebase-ios-sdk" */,
				FE7DAB0E29555E9B0037AD7E /* XCRemoteSwiftPackageReference "swift-package-manager-google-mobile-ads" */,
			);
			productRefGroup = FE06E61E28FE1FF600B6F4CE /* Products */;
			projectDirPath = "";
			projectRoot = "";
			targets = (
				FE06E61C28FE1FF600B6F4CE /* AiDraw */,
			);
		};
/* End PBXProject section */

/* Begin PBXResourcesBuildPhase section */
		FE06E61B28FE1FF600B6F4CE /* Resources */ = {
			isa = PBXResourcesBuildPhase;
			buildActionMask = 2147483647;
			files = (
				FE58DACE2936F34C001012B5 /* GoogleService-Info.plist in Resources */,
				FE06E62928FE1FF700B6F4CE /* Preview Assets.xcassets in Resources */,
				FE06E62528FE1FF700B6F4CE /* Assets.xcassets in Resources */,
			);
			runOnlyForDeploymentPostprocessing = 0;
		};
/* End PBXResourcesBuildPhase section */

/* Begin PBXSourcesBuildPhase section */
		FE06E61928FE1FF600B6F4CE /* Sources */ = {
			isa = PBXSourcesBuildPhase;
			buildActionMask = 2147483647;
			files = (
				FEACF994290CC3DF00276E2E /* DrawingProject.swift in Sources */,
				FE791C3E2945016A00E39A48 /* AlertManager.swift in Sources */,
				FE791C3C2944FAF200E39A48 /* Extensions.swift in Sources */,
				FE48C1BF295BAF5400DC2474 /* MaskOptions.swift in Sources */,
				FE3CE89A2963967D00A57BF0 /* OptionalInferenceView.swift in Sources */,
				CC2BB25529539F2900ABEB6D /* PromptStyles.swift in Sources */,
				FE62BF81292E5E0500CC6055 /* Constants.swift in Sources */,
				FE58DAD32936F535001012B5 /* AnalyticsHelper.swift in Sources */,
				FE7DAB122955621C0037AD7E /* BannerAdView.swift in Sources */,
				FEACF998290D717000276E2E /* ProjectStore.swift in Sources */,
				FE62BF7F292E5D9700CC6055 /* InferenceModels.swift in Sources */,
				FE93E0372946E40C00D33D14 /* OnboardingTabView.swift in Sources */,
				FE3CE890296220A500A57BF0 /* LayerModalRowView.swift in Sources */,
				FE754531295BF272001D81DF /* InferenceTextField.swift in Sources */,
				FEDCAACE29025F92007D40A5 /* ServiceHelper.swift in Sources */,
				FEF0610A294FF3F700B60ADF /* SelectableProjectView.swift in Sources */,
				CC2BB259295636DD00ABEB6D /* AdvancedOptionsModalView.swift in Sources */,
				FE84B2A7294FBB5F00A84F3E /* ProgressBarView.swift in Sources */,
				FEC6BCE5295E0943001E97A2 /* InterstitialAdView.swift in Sources */,
				CCFFFAD4295CDECA00AF23C5 /* AdvancedOptionsHelpModalView.swift in Sources */,
				CC2BB25B295647FE00ABEB6D /* AdvancedOptions.swift in Sources */,
				FE7DAB1D295901300037AD7E /* CreateMaskModalView.swift in Sources */,
				FEDCAAD1290263B2007D40A5 /* InferenceModalView.swift in Sources */,
				FEC6BCE3295DF4A5001E97A2 /* PhotoPickerView.swift in Sources */,
				CC2BB2572953D9B400ABEB6D /* PromptStylesManager.swift in Sources */,
				FEDA3DC42949853C0074BBCA /* PushNotificationHelper.swift in Sources */,
				FE3CE88E29621FF400A57BF0 /* LayersModalView.swift in Sources */,
				FEDCAAD72903A51B007D40A5 /* ImagePickerView.swift in Sources */,
				FE6C393C29453DFA00E05F52 /* OnboardingView.swift in Sources */,
				FE3CE89429629D3A00A57BF0 /* SendToAiView.swift in Sources */,
				FEACF996290CCB5800276E2E /* CodeableImage.swift in Sources */,
				FEDCAAC72900EAF3007D40A5 /* DrawingView.swift in Sources */,
				FE06E62328FE1FF600B6F4CE /* SelectProjectView.swift in Sources */,
				FEDCAAC929025918007D40A5 /* CanvasView.swift in Sources */,
				FE06E62128FE1FF600B6F4CE /* AiDrawApp.swift in Sources */,
				FEACF992290CC11300276E2E /* ImageHelper.swift in Sources */,
				FE3CE892296223E100A57BF0 /* DrawingLayer.swift in Sources */,
				FEDA3DC12949848E0074BBCA /* AppDelegate.swift in Sources */,
			);
			runOnlyForDeploymentPostprocessing = 0;
		};
/* End PBXSourcesBuildPhase section */

/* Begin XCBuildConfiguration section */
		FE06E62A28FE1FF700B6F4CE /* Debug */ = {
			isa = XCBuildConfiguration;
			buildSettings = {
				ALWAYS_SEARCH_USER_PATHS = NO;
				CLANG_ANALYZER_NONNULL = YES;
				CLANG_ANALYZER_NUMBER_OBJECT_CONVERSION = YES_AGGRESSIVE;
				CLANG_CXX_LANGUAGE_STANDARD = "gnu++20";
				CLANG_ENABLE_MODULES = YES;
				CLANG_ENABLE_OBJC_ARC = YES;
				CLANG_ENABLE_OBJC_WEAK = YES;
				CLANG_WARN_BLOCK_CAPTURE_AUTORELEASING = YES;
				CLANG_WARN_BOOL_CONVERSION = YES;
				CLANG_WARN_COMMA = YES;
				CLANG_WARN_CONSTANT_CONVERSION = YES;
				CLANG_WARN_DEPRECATED_OBJC_IMPLEMENTATIONS = YES;
				CLANG_WARN_DIRECT_OBJC_ISA_USAGE = YES_ERROR;
				CLANG_WARN_DOCUMENTATION_COMMENTS = YES;
				CLANG_WARN_EMPTY_BODY = YES;
				CLANG_WARN_ENUM_CONVERSION = YES;
				CLANG_WARN_INFINITE_RECURSION = YES;
				CLANG_WARN_INT_CONVERSION = YES;
				CLANG_WARN_NON_LITERAL_NULL_CONVERSION = YES;
				CLANG_WARN_OBJC_IMPLICIT_RETAIN_SELF = YES;
				CLANG_WARN_OBJC_LITERAL_CONVERSION = YES;
				CLANG_WARN_OBJC_ROOT_CLASS = YES_ERROR;
				CLANG_WARN_QUOTED_INCLUDE_IN_FRAMEWORK_HEADER = YES;
				CLANG_WARN_RANGE_LOOP_ANALYSIS = YES;
				CLANG_WARN_STRICT_PROTOTYPES = YES;
				CLANG_WARN_SUSPICIOUS_MOVE = YES;
				CLANG_WARN_UNGUARDED_AVAILABILITY = YES_AGGRESSIVE;
				CLANG_WARN_UNREACHABLE_CODE = YES;
				CLANG_WARN__DUPLICATE_METHOD_MATCH = YES;
				COPY_PHASE_STRIP = NO;
				DEAD_CODE_STRIPPING = YES;
				DEBUG_INFORMATION_FORMAT = dwarf;
				ENABLE_STRICT_OBJC_MSGSEND = YES;
				ENABLE_TESTABILITY = YES;
				GCC_C_LANGUAGE_STANDARD = gnu11;
				GCC_DYNAMIC_NO_PIC = NO;
				GCC_NO_COMMON_BLOCKS = YES;
				GCC_OPTIMIZATION_LEVEL = 0;
				GCC_PREPROCESSOR_DEFINITIONS = (
					"DEBUG=1",
					"$(inherited)",
				);
				GCC_WARN_64_TO_32_BIT_CONVERSION = YES;
				GCC_WARN_ABOUT_RETURN_TYPE = YES_ERROR;
				GCC_WARN_UNDECLARED_SELECTOR = YES;
				GCC_WARN_UNINITIALIZED_AUTOS = YES_AGGRESSIVE;
				GCC_WARN_UNUSED_FUNCTION = YES;
				GCC_WARN_UNUSED_VARIABLE = YES;
				MTL_ENABLE_DEBUG_INFO = INCLUDE_SOURCE;
				MTL_FAST_MATH = YES;
				ONLY_ACTIVE_ARCH = YES;
				SWIFT_ACTIVE_COMPILATION_CONDITIONS = DEBUG;
				SWIFT_OPTIMIZATION_LEVEL = "-Onone";
			};
			name = Debug;
		};
		FE06E62B28FE1FF700B6F4CE /* Release */ = {
			isa = XCBuildConfiguration;
			buildSettings = {
				ALWAYS_SEARCH_USER_PATHS = NO;
				CLANG_ANALYZER_NONNULL = YES;
				CLANG_ANALYZER_NUMBER_OBJECT_CONVERSION = YES_AGGRESSIVE;
				CLANG_CXX_LANGUAGE_STANDARD = "gnu++20";
				CLANG_ENABLE_MODULES = YES;
				CLANG_ENABLE_OBJC_ARC = YES;
				CLANG_ENABLE_OBJC_WEAK = YES;
				CLANG_WARN_BLOCK_CAPTURE_AUTORELEASING = YES;
				CLANG_WARN_BOOL_CONVERSION = YES;
				CLANG_WARN_COMMA = YES;
				CLANG_WARN_CONSTANT_CONVERSION = YES;
				CLANG_WARN_DEPRECATED_OBJC_IMPLEMENTATIONS = YES;
				CLANG_WARN_DIRECT_OBJC_ISA_USAGE = YES_ERROR;
				CLANG_WARN_DOCUMENTATION_COMMENTS = YES;
				CLANG_WARN_EMPTY_BODY = YES;
				CLANG_WARN_ENUM_CONVERSION = YES;
				CLANG_WARN_INFINITE_RECURSION = YES;
				CLANG_WARN_INT_CONVERSION = YES;
				CLANG_WARN_NON_LITERAL_NULL_CONVERSION = YES;
				CLANG_WARN_OBJC_IMPLICIT_RETAIN_SELF = YES;
				CLANG_WARN_OBJC_LITERAL_CONVERSION = YES;
				CLANG_WARN_OBJC_ROOT_CLASS = YES_ERROR;
				CLANG_WARN_QUOTED_INCLUDE_IN_FRAMEWORK_HEADER = YES;
				CLANG_WARN_RANGE_LOOP_ANALYSIS = YES;
				CLANG_WARN_STRICT_PROTOTYPES = YES;
				CLANG_WARN_SUSPICIOUS_MOVE = YES;
				CLANG_WARN_UNGUARDED_AVAILABILITY = YES_AGGRESSIVE;
				CLANG_WARN_UNREACHABLE_CODE = YES;
				CLANG_WARN__DUPLICATE_METHOD_MATCH = YES;
				COPY_PHASE_STRIP = NO;
				DEAD_CODE_STRIPPING = YES;
				DEBUG_INFORMATION_FORMAT = "dwarf-with-dsym";
				ENABLE_NS_ASSERTIONS = NO;
				ENABLE_STRICT_OBJC_MSGSEND = YES;
				GCC_C_LANGUAGE_STANDARD = gnu11;
				GCC_NO_COMMON_BLOCKS = YES;
				GCC_WARN_64_TO_32_BIT_CONVERSION = YES;
				GCC_WARN_ABOUT_RETURN_TYPE = YES_ERROR;
				GCC_WARN_UNDECLARED_SELECTOR = YES;
				GCC_WARN_UNINITIALIZED_AUTOS = YES_AGGRESSIVE;
				GCC_WARN_UNUSED_FUNCTION = YES;
				GCC_WARN_UNUSED_VARIABLE = YES;
				MTL_ENABLE_DEBUG_INFO = NO;
				MTL_FAST_MATH = YES;
				SWIFT_COMPILATION_MODE = wholemodule;
				SWIFT_OPTIMIZATION_LEVEL = "-O";
			};
			name = Release;
		};
		FE06E62D28FE1FF700B6F4CE /* Debug */ = {
			isa = XCBuildConfiguration;
			buildSettings = {
				ASSETCATALOG_COMPILER_APPICON_NAME = AppIcon;
				ASSETCATALOG_COMPILER_GLOBAL_ACCENT_COLOR_NAME = AccentColor;
				ASSETCATALOG_COMPILER_INCLUDE_ALL_APPICON_ASSETS = YES;
				CODE_SIGN_ENTITLEMENTS = AiDraw/AiDraw.entitlements;
				CODE_SIGN_IDENTITY = "-";
				"CODE_SIGN_IDENTITY[sdk=iphoneos*]" = "Apple Development";
				CODE_SIGN_STYLE = Automatic;
				CURRENT_PROJECT_VERSION = 1;
				DEAD_CODE_STRIPPING = YES;
				DEBUG_INFORMATION_FORMAT = "dwarf-with-dsym";
				DEVELOPMENT_ASSET_PATHS = "\"AiDraw/Preview Content\"";
				DEVELOPMENT_TEAM = 3L5P5S227G;
				ENABLE_HARDENED_RUNTIME = YES;
				ENABLE_PREVIEWS = YES;
				GENERATE_INFOPLIST_FILE = YES;
				INFOPLIST_FILE = AiDraw/Info.plist;
				INFOPLIST_KEY_CFBundleDisplayName = "Ai Pencil";
				INFOPLIST_KEY_LSApplicationCategoryType = "public.app-category.graphics-design";
				INFOPLIST_KEY_NSPhotoLibraryUsageDescription = AiDraw;
				INFOPLIST_KEY_NSUserTrackingUsageDescription = "This identifier will be used to deliver personalized ads to you";
				"INFOPLIST_KEY_UIApplicationSceneManifest_Generation[sdk=iphoneos*]" = YES;
				"INFOPLIST_KEY_UIApplicationSceneManifest_Generation[sdk=iphonesimulator*]" = YES;
				"INFOPLIST_KEY_UIApplicationSupportsIndirectInputEvents[sdk=iphoneos*]" = YES;
				"INFOPLIST_KEY_UIApplicationSupportsIndirectInputEvents[sdk=iphonesimulator*]" = YES;
				"INFOPLIST_KEY_UILaunchScreen_Generation[sdk=iphoneos*]" = YES;
				"INFOPLIST_KEY_UILaunchScreen_Generation[sdk=iphonesimulator*]" = YES;
				INFOPLIST_KEY_UIStatusBarStyle = "";
				"INFOPLIST_KEY_UIStatusBarStyle[sdk=iphoneos*]" = UIStatusBarStyleDefault;
				"INFOPLIST_KEY_UIStatusBarStyle[sdk=iphonesimulator*]" = UIStatusBarStyleDefault;
				INFOPLIST_KEY_UISupportedInterfaceOrientations_iPad = "UIInterfaceOrientationPortrait UIInterfaceOrientationPortraitUpsideDown UIInterfaceOrientationLandscapeLeft UIInterfaceOrientationLandscapeRight";
				INFOPLIST_KEY_UISupportedInterfaceOrientations_iPhone = "UIInterfaceOrientationPortrait UIInterfaceOrientationLandscapeLeft UIInterfaceOrientationLandscapeRight";
				IPHONEOS_DEPLOYMENT_TARGET = 16.0;
				LD_RUNPATH_SEARCH_PATHS = "@executable_path/Frameworks";
				"LD_RUNPATH_SEARCH_PATHS[sdk=macosx*]" = "@executable_path/../Frameworks";
				MACOSX_DEPLOYMENT_TARGET = 12.3;
				MARKETING_VERSION = 1.2;
				PRODUCT_BUNDLE_IDENTIFIER = com.madebykiet.AiDraw;
				PRODUCT_NAME = "$(TARGET_NAME)";
				SDKROOT = auto;
				SUPPORTED_PLATFORMS = "iphoneos iphonesimulator";
				SUPPORTS_MACCATALYST = NO;
				SUPPORTS_MAC_DESIGNED_FOR_IPHONE_IPAD = NO;
				SWIFT_EMIT_LOC_STRINGS = YES;
				SWIFT_VERSION = 5.0;
				TARGETED_DEVICE_FAMILY = "1,2";
			};
			name = Debug;
		};
		FE06E62E28FE1FF700B6F4CE /* Release */ = {
			isa = XCBuildConfiguration;
			buildSettings = {
				ASSETCATALOG_COMPILER_APPICON_NAME = AppIcon;
				ASSETCATALOG_COMPILER_GLOBAL_ACCENT_COLOR_NAME = AccentColor;
				ASSETCATALOG_COMPILER_INCLUDE_ALL_APPICON_ASSETS = YES;
				CODE_SIGN_ENTITLEMENTS = AiDraw/AiDraw.entitlements;
				CODE_SIGN_IDENTITY = "-";
				"CODE_SIGN_IDENTITY[sdk=iphoneos*]" = "Apple Development";
				CODE_SIGN_STYLE = Automatic;
				CURRENT_PROJECT_VERSION = 1;
				DEAD_CODE_STRIPPING = YES;
				DEVELOPMENT_ASSET_PATHS = "\"AiDraw/Preview Content\"";
				DEVELOPMENT_TEAM = 3L5P5S227G;
				ENABLE_HARDENED_RUNTIME = YES;
				ENABLE_PREVIEWS = YES;
				GENERATE_INFOPLIST_FILE = YES;
				INFOPLIST_FILE = AiDraw/Info.plist;
				INFOPLIST_KEY_CFBundleDisplayName = "Ai Pencil";
				INFOPLIST_KEY_LSApplicationCategoryType = "public.app-category.graphics-design";
				INFOPLIST_KEY_NSPhotoLibraryUsageDescription = AiDraw;
				INFOPLIST_KEY_NSUserTrackingUsageDescription = "This identifier will be used to deliver personalized ads to you";
				"INFOPLIST_KEY_UIApplicationSceneManifest_Generation[sdk=iphoneos*]" = YES;
				"INFOPLIST_KEY_UIApplicationSceneManifest_Generation[sdk=iphonesimulator*]" = YES;
				"INFOPLIST_KEY_UIApplicationSupportsIndirectInputEvents[sdk=iphoneos*]" = YES;
				"INFOPLIST_KEY_UIApplicationSupportsIndirectInputEvents[sdk=iphonesimulator*]" = YES;
				"INFOPLIST_KEY_UILaunchScreen_Generation[sdk=iphoneos*]" = YES;
				"INFOPLIST_KEY_UILaunchScreen_Generation[sdk=iphonesimulator*]" = YES;
				INFOPLIST_KEY_UIStatusBarStyle = "";
				"INFOPLIST_KEY_UIStatusBarStyle[sdk=iphoneos*]" = UIStatusBarStyleDefault;
				"INFOPLIST_KEY_UIStatusBarStyle[sdk=iphonesimulator*]" = UIStatusBarStyleDefault;
				INFOPLIST_KEY_UISupportedInterfaceOrientations_iPad = "UIInterfaceOrientationPortrait UIInterfaceOrientationPortraitUpsideDown UIInterfaceOrientationLandscapeLeft UIInterfaceOrientationLandscapeRight";
				INFOPLIST_KEY_UISupportedInterfaceOrientations_iPhone = "UIInterfaceOrientationPortrait UIInterfaceOrientationLandscapeLeft UIInterfaceOrientationLandscapeRight";
				IPHONEOS_DEPLOYMENT_TARGET = 16.0;
				LD_RUNPATH_SEARCH_PATHS = "@executable_path/Frameworks";
				"LD_RUNPATH_SEARCH_PATHS[sdk=macosx*]" = "@executable_path/../Frameworks";
				MACOSX_DEPLOYMENT_TARGET = 12.3;
				MARKETING_VERSION = 1.2;
				PRODUCT_BUNDLE_IDENTIFIER = com.madebykiet.AiDraw;
				PRODUCT_NAME = "$(TARGET_NAME)";
				SDKROOT = auto;
				SUPPORTED_PLATFORMS = "iphoneos iphonesimulator";
				SUPPORTS_MACCATALYST = NO;
				SUPPORTS_MAC_DESIGNED_FOR_IPHONE_IPAD = NO;
				SWIFT_EMIT_LOC_STRINGS = YES;
				SWIFT_VERSION = 5.0;
				TARGETED_DEVICE_FAMILY = "1,2";
			};
			name = Release;
		};
/* End XCBuildConfiguration section */

/* Begin XCConfigurationList section */
		FE06E61828FE1FF600B6F4CE /* Build configuration list for PBXProject "AiDraw" */ = {
			isa = XCConfigurationList;
			buildConfigurations = (
				FE06E62A28FE1FF700B6F4CE /* Debug */,
				FE06E62B28FE1FF700B6F4CE /* Release */,
			);
			defaultConfigurationIsVisible = 0;
			defaultConfigurationName = Release;
		};
		FE06E62C28FE1FF700B6F4CE /* Build configuration list for PBXNativeTarget "AiDraw" */ = {
			isa = XCConfigurationList;
			buildConfigurations = (
				FE06E62D28FE1FF700B6F4CE /* Debug */,
				FE06E62E28FE1FF700B6F4CE /* Release */,
			);
			defaultConfigurationIsVisible = 0;
			defaultConfigurationName = Release;
		};
/* End XCConfigurationList section */

/* Begin XCRemoteSwiftPackageReference section */
		FE2622102932F2670042D35D /* XCRemoteSwiftPackageReference "SwiftUI-Tooltip" */ = {
			isa = XCRemoteSwiftPackageReference;
			repositoryURL = "https://github.com/quassum/SwiftUI-Tooltip";
			requirement = {
				kind = upToNextMajorVersion;
				minimumVersion = 1.0.0;
			};
		};
		FE58DAC82936F32B001012B5 /* XCRemoteSwiftPackageReference "firebase-ios-sdk" */ = {
			isa = XCRemoteSwiftPackageReference;
			repositoryURL = "https://github.com/firebase/firebase-ios-sdk";
			requirement = {
				kind = upToNextMajorVersion;
				minimumVersion = 9.0.0;
			};
		};
		FE62BF82292E603300CC6055 /* XCRemoteSwiftPackageReference "Alamofire" */ = {
			isa = XCRemoteSwiftPackageReference;
			repositoryURL = "https://github.com/Alamofire/Alamofire";
			requirement = {
				kind = upToNextMajorVersion;
				minimumVersion = 5.0.0;
			};
		};
		FE7DAB0E29555E9B0037AD7E /* XCRemoteSwiftPackageReference "swift-package-manager-google-mobile-ads" */ = {
			isa = XCRemoteSwiftPackageReference;
			repositoryURL = "https://github.com/googleads/swift-package-manager-google-mobile-ads.git";
			requirement = {
				kind = upToNextMajorVersion;
				minimumVersion = 9.0.0;
			};
		};
/* End XCRemoteSwiftPackageReference section */

/* Begin XCSwiftPackageProductDependency section */
		FE58DAC92936F32B001012B5 /* FirebaseAnalytics */ = {
			isa = XCSwiftPackageProductDependency;
			package = FE58DAC82936F32B001012B5 /* XCRemoteSwiftPackageReference "firebase-ios-sdk" */;
			productName = FirebaseAnalytics;
		};
		FE58DACB2936F32B001012B5 /* FirebaseCrashlytics */ = {
			isa = XCSwiftPackageProductDependency;
			package = FE58DAC82936F32B001012B5 /* XCRemoteSwiftPackageReference "firebase-ios-sdk" */;
			productName = FirebaseCrashlytics;
		};
		FE62BF83292E603300CC6055 /* Alamofire */ = {
			isa = XCSwiftPackageProductDependency;
			package = FE62BF82292E603300CC6055 /* XCRemoteSwiftPackageReference "Alamofire" */;
			productName = Alamofire;
		};
		FE791C37294041A400E39A48 /* FirebaseMessaging */ = {
			isa = XCSwiftPackageProductDependency;
			package = FE58DAC82936F32B001012B5 /* XCRemoteSwiftPackageReference "firebase-ios-sdk" */;
			productName = FirebaseMessaging;
		};
		FE7DAB0F29555E9C0037AD7E /* GoogleMobileAds */ = {
			isa = XCSwiftPackageProductDependency;
			package = FE7DAB0E29555E9B0037AD7E /* XCRemoteSwiftPackageReference "swift-package-manager-google-mobile-ads" */;
			productName = GoogleMobileAds;
		};
/* End XCSwiftPackageProductDependency section */
	};
	rootObject = FE06E61528FE1FF600B6F4CE /* Project object */;
}
