// !$*UTF8*$!
{
	archiveVersion = 1;
	classes = {
	};
	objectVersion = 56;
	objects = {

/* Begin PBXBuildFile section */
		FE06E62128FE1FF600B6F4CE /* AiDrawApp.swift in Sources */ = {isa = PBXBuildFile; fileRef = FE06E62028FE1FF600B6F4CE /* AiDrawApp.swift */; };
		FE06E62328FE1FF600B6F4CE /* SelectProjectView.swift in Sources */ = {isa = PBXBuildFile; fileRef = FE06E62228FE1FF600B6F4CE /* SelectProjectView.swift */; };
		FE06E62528FE1FF700B6F4CE /* Assets.xcassets in Resources */ = {isa = PBXBuildFile; fileRef = FE06E62428FE1FF700B6F4CE /* Assets.xcassets */; };
		FE06E62928FE1FF700B6F4CE /* Preview Assets.xcassets in Resources */ = {isa = PBXBuildFile; fileRef = FE06E62828FE1FF700B6F4CE /* Preview Assets.xcassets */; };
		FE06E63228FE267A00B6F4CE /* DrawingData.json in Resources */ = {isa = PBXBuildFile; fileRef = FE06E63128FE267A00B6F4CE /* DrawingData.json */; };
		FE62BF7F292E5D9700CC6055 /* InferenceModels.swift in Sources */ = {isa = PBXBuildFile; fileRef = FE62BF7E292E5D9700CC6055 /* InferenceModels.swift */; };
		FE62BF81292E5E0500CC6055 /* Constants.swift in Sources */ = {isa = PBXBuildFile; fileRef = FE62BF80292E5E0500CC6055 /* Constants.swift */; };
		FE62BF84292E603300CC6055 /* Alamofire in Frameworks */ = {isa = PBXBuildFile; productRef = FE62BF83292E603300CC6055 /* Alamofire */; };
		FEACF990290CBE6200276E2E /* HistoryPopoverView.swift in Sources */ = {isa = PBXBuildFile; fileRef = FEACF98F290CBE6200276E2E /* HistoryPopoverView.swift */; };
		FEACF992290CC11300276E2E /* ImageHelper.swift in Sources */ = {isa = PBXBuildFile; fileRef = FEACF991290CC11300276E2E /* ImageHelper.swift */; };
		FEACF994290CC3DF00276E2E /* DrawingProject.swift in Sources */ = {isa = PBXBuildFile; fileRef = FEACF993290CC3DF00276E2E /* DrawingProject.swift */; };
		FEACF996290CCB5800276E2E /* CodeableImage.swift in Sources */ = {isa = PBXBuildFile; fileRef = FEACF995290CCB5800276E2E /* CodeableImage.swift */; };
		FEACF998290D717000276E2E /* ProjectStore.swift in Sources */ = {isa = PBXBuildFile; fileRef = FEACF997290D717000276E2E /* ProjectStore.swift */; };
		FEDCAAC72900EAF3007D40A5 /* DrawingView.swift in Sources */ = {isa = PBXBuildFile; fileRef = FEDCAAC62900EAF3007D40A5 /* DrawingView.swift */; };
		FEDCAAC929025918007D40A5 /* CanvasView.swift in Sources */ = {isa = PBXBuildFile; fileRef = FEDCAAC829025918007D40A5 /* CanvasView.swift */; };
		FEDCAACC29025EF4007D40A5 /* ImageSaver.swift in Sources */ = {isa = PBXBuildFile; fileRef = FEDCAACB29025EF4007D40A5 /* ImageSaver.swift */; };
		FEDCAACE29025F92007D40A5 /* InferenceHandler.swift in Sources */ = {isa = PBXBuildFile; fileRef = FEDCAACD29025F92007D40A5 /* InferenceHandler.swift */; };
		FEDCAAD1290263B2007D40A5 /* PostToInferenceModalView.swift in Sources */ = {isa = PBXBuildFile; fileRef = FEDCAAD0290263B2007D40A5 /* PostToInferenceModalView.swift */; };
		FEDCAAD42902641A007D40A5 /* InferredImage.swift in Sources */ = {isa = PBXBuildFile; fileRef = FEDCAAD32902641A007D40A5 /* InferredImage.swift */; };
		FEDCAAD72903A51B007D40A5 /* ImagePickerView.swift in Sources */ = {isa = PBXBuildFile; fileRef = FEDCAAD62903A51B007D40A5 /* ImagePickerView.swift */; };
		FEE46F71290A400500210C54 /* StatesSideBarView.swift in Sources */ = {isa = PBXBuildFile; fileRef = FEE46F70290A400500210C54 /* StatesSideBarView.swift */; };
/* End PBXBuildFile section */

/* Begin PBXFileReference section */
		FE06E61D28FE1FF600B6F4CE /* AiDraw.app */ = {isa = PBXFileReference; explicitFileType = wrapper.application; includeInIndex = 0; path = AiDraw.app; sourceTree = BUILT_PRODUCTS_DIR; };
		FE06E62028FE1FF600B6F4CE /* AiDrawApp.swift */ = {isa = PBXFileReference; lastKnownFileType = sourcecode.swift; path = AiDrawApp.swift; sourceTree = "<group>"; };
		FE06E62228FE1FF600B6F4CE /* SelectProjectView.swift */ = {isa = PBXFileReference; lastKnownFileType = sourcecode.swift; path = SelectProjectView.swift; sourceTree = "<group>"; };
		FE06E62428FE1FF700B6F4CE /* Assets.xcassets */ = {isa = PBXFileReference; lastKnownFileType = folder.assetcatalog; path = Assets.xcassets; sourceTree = "<group>"; };
		FE06E62628FE1FF700B6F4CE /* AiDraw.entitlements */ = {isa = PBXFileReference; lastKnownFileType = text.plist.entitlements; path = AiDraw.entitlements; sourceTree = "<group>"; };
		FE06E62828FE1FF700B6F4CE /* Preview Assets.xcassets */ = {isa = PBXFileReference; lastKnownFileType = folder.assetcatalog; path = "Preview Assets.xcassets"; sourceTree = "<group>"; };
		FE06E63128FE267A00B6F4CE /* DrawingData.json */ = {isa = PBXFileReference; lastKnownFileType = text.json; path = DrawingData.json; sourceTree = "<group>"; };
		FE62BF7E292E5D9700CC6055 /* InferenceModels.swift */ = {isa = PBXFileReference; lastKnownFileType = sourcecode.swift; path = InferenceModels.swift; sourceTree = "<group>"; };
		FE62BF80292E5E0500CC6055 /* Constants.swift */ = {isa = PBXFileReference; lastKnownFileType = sourcecode.swift; path = Constants.swift; sourceTree = "<group>"; };
		FEACF98F290CBE6200276E2E /* HistoryPopoverView.swift */ = {isa = PBXFileReference; lastKnownFileType = sourcecode.swift; path = HistoryPopoverView.swift; sourceTree = "<group>"; };
		FEACF991290CC11300276E2E /* ImageHelper.swift */ = {isa = PBXFileReference; lastKnownFileType = sourcecode.swift; path = ImageHelper.swift; sourceTree = "<group>"; };
		FEACF993290CC3DF00276E2E /* DrawingProject.swift */ = {isa = PBXFileReference; lastKnownFileType = sourcecode.swift; path = DrawingProject.swift; sourceTree = "<group>"; };
		FEACF995290CCB5800276E2E /* CodeableImage.swift */ = {isa = PBXFileReference; lastKnownFileType = sourcecode.swift; path = CodeableImage.swift; sourceTree = "<group>"; };
		FEACF997290D717000276E2E /* ProjectStore.swift */ = {isa = PBXFileReference; lastKnownFileType = sourcecode.swift; path = ProjectStore.swift; sourceTree = "<group>"; };
		FEDCAAC62900EAF3007D40A5 /* DrawingView.swift */ = {isa = PBXFileReference; lastKnownFileType = sourcecode.swift; path = DrawingView.swift; sourceTree = "<group>"; };
		FEDCAAC829025918007D40A5 /* CanvasView.swift */ = {isa = PBXFileReference; lastKnownFileType = sourcecode.swift; path = CanvasView.swift; sourceTree = "<group>"; };
		FEDCAACB29025EF4007D40A5 /* ImageSaver.swift */ = {isa = PBXFileReference; lastKnownFileType = sourcecode.swift; path = ImageSaver.swift; sourceTree = "<group>"; };
		FEDCAACD29025F92007D40A5 /* InferenceHandler.swift */ = {isa = PBXFileReference; lastKnownFileType = sourcecode.swift; path = InferenceHandler.swift; sourceTree = "<group>"; };
		FEDCAACF29026300007D40A5 /* Info.plist */ = {isa = PBXFileReference; lastKnownFileType = text.plist; path = Info.plist; sourceTree = "<group>"; };
		FEDCAAD0290263B2007D40A5 /* PostToInferenceModalView.swift */ = {isa = PBXFileReference; lastKnownFileType = sourcecode.swift; path = PostToInferenceModalView.swift; sourceTree = "<group>"; };
		FEDCAAD32902641A007D40A5 /* InferredImage.swift */ = {isa = PBXFileReference; lastKnownFileType = sourcecode.swift; path = InferredImage.swift; sourceTree = "<group>"; };
		FEDCAAD62903A51B007D40A5 /* ImagePickerView.swift */ = {isa = PBXFileReference; lastKnownFileType = sourcecode.swift; path = ImagePickerView.swift; sourceTree = "<group>"; };
		FEE46F70290A400500210C54 /* StatesSideBarView.swift */ = {isa = PBXFileReference; lastKnownFileType = sourcecode.swift; path = StatesSideBarView.swift; sourceTree = "<group>"; };
/* End PBXFileReference section */

/* Begin PBXFrameworksBuildPhase section */
		FE06E61A28FE1FF600B6F4CE /* Frameworks */ = {
			isa = PBXFrameworksBuildPhase;
			buildActionMask = 2147483647;
			files = (
				FE62BF84292E603300CC6055 /* Alamofire in Frameworks */,
			);
			runOnlyForDeploymentPostprocessing = 0;
		};
/* End PBXFrameworksBuildPhase section */

/* Begin PBXGroup section */
		FE06E61428FE1FF600B6F4CE = {
			isa = PBXGroup;
			children = (
				FE06E61F28FE1FF600B6F4CE /* AiDraw */,
				FE06E61E28FE1FF600B6F4CE /* Products */,
			);
			sourceTree = "<group>";
		};
		FE06E61E28FE1FF600B6F4CE /* Products */ = {
			isa = PBXGroup;
			children = (
				FE06E61D28FE1FF600B6F4CE /* AiDraw.app */,
			);
			name = Products;
			sourceTree = "<group>";
		};
		FE06E61F28FE1FF600B6F4CE /* AiDraw */ = {
			isa = PBXGroup;
			children = (
				FEDCAAD229026405007D40A5 /* Model */,
				FEDCAACF29026300007D40A5 /* Info.plist */,
				FEDCAACA29025EDE007D40A5 /* Utils */,
				FE06E63028FE261A00B6F4CE /* Resources */,
				FE06E62028FE1FF600B6F4CE /* AiDrawApp.swift */,
				FE06E62F28FE206A00B6F4CE /* Views */,
				FE06E62428FE1FF700B6F4CE /* Assets.xcassets */,
				FE06E62628FE1FF700B6F4CE /* AiDraw.entitlements */,
				FE06E62728FE1FF700B6F4CE /* Preview Content */,
			);
			path = AiDraw;
			sourceTree = "<group>";
		};
		FE06E62728FE1FF700B6F4CE /* Preview Content */ = {
			isa = PBXGroup;
			children = (
				FE06E62828FE1FF700B6F4CE /* Preview Assets.xcassets */,
			);
			path = "Preview Content";
			sourceTree = "<group>";
		};
		FE06E62F28FE206A00B6F4CE /* Views */ = {
			isa = PBXGroup;
			children = (
				FE06E62228FE1FF600B6F4CE /* SelectProjectView.swift */,
				FEDCAAD62903A51B007D40A5 /* ImagePickerView.swift */,
				FEDCAAC62900EAF3007D40A5 /* DrawingView.swift */,
				FEDCAAC829025918007D40A5 /* CanvasView.swift */,
				FEDCAAD0290263B2007D40A5 /* PostToInferenceModalView.swift */,
				FEE46F70290A400500210C54 /* StatesSideBarView.swift */,
				FEACF98F290CBE6200276E2E /* HistoryPopoverView.swift */,
			);
			path = Views;
			sourceTree = "<group>";
		};
		FE06E63028FE261A00B6F4CE /* Resources */ = {
			isa = PBXGroup;
			children = (
				FE06E63128FE267A00B6F4CE /* DrawingData.json */,
				FE62BF80292E5E0500CC6055 /* Constants.swift */,
			);
			path = Resources;
			sourceTree = "<group>";
		};
		FEDCAACA29025EDE007D40A5 /* Utils */ = {
			isa = PBXGroup;
			children = (
				FEDCAACB29025EF4007D40A5 /* ImageSaver.swift */,
				FEDCAACD29025F92007D40A5 /* InferenceHandler.swift */,
				FEACF991290CC11300276E2E /* ImageHelper.swift */,
				FEACF997290D717000276E2E /* ProjectStore.swift */,
			);
			path = Utils;
			sourceTree = "<group>";
		};
		FEDCAAD229026405007D40A5 /* Model */ = {
			isa = PBXGroup;
			children = (
				FEDCAAD32902641A007D40A5 /* InferredImage.swift */,
				FEACF993290CC3DF00276E2E /* DrawingProject.swift */,
				FEACF995290CCB5800276E2E /* CodeableImage.swift */,
				FE62BF7E292E5D9700CC6055 /* InferenceModels.swift */,
			);
			path = Model;
			sourceTree = "<group>";
		};
/* End PBXGroup section */

/* Begin PBXNativeTarget section */
		FE06E61C28FE1FF600B6F4CE /* AiDraw */ = {
			isa = PBXNativeTarget;
			buildConfigurationList = FE06E62C28FE1FF700B6F4CE /* Build configuration list for PBXNativeTarget "AiDraw" */;
			buildPhases = (
				FE06E61928FE1FF600B6F4CE /* Sources */,
				FE06E61A28FE1FF600B6F4CE /* Frameworks */,
				FE06E61B28FE1FF600B6F4CE /* Resources */,
			);
			buildRules = (
			);
			dependencies = (
			);
			name = AiDraw;
			packageProductDependencies = (
				FE62BF83292E603300CC6055 /* Alamofire */,
			);
			productName = AiDraw;
			productReference = FE06E61D28FE1FF600B6F4CE /* AiDraw.app */;
			productType = "com.apple.product-type.application";
		};
/* End PBXNativeTarget section */

/* Begin PBXProject section */
		FE06E61528FE1FF600B6F4CE /* Project object */ = {
			isa = PBXProject;
			attributes = {
				BuildIndependentTargetsInParallel = 1;
				LastSwiftUpdateCheck = 1400;
				LastUpgradeCheck = 1400;
				TargetAttributes = {
					FE06E61C28FE1FF600B6F4CE = {
						CreatedOnToolsVersion = 14.0.1;
					};
				};
			};
			buildConfigurationList = FE06E61828FE1FF600B6F4CE /* Build configuration list for PBXProject "AiDraw" */;
			compatibilityVersion = "Xcode 14.0";
			developmentRegion = en;
			hasScannedForEncodings = 0;
			knownRegions = (
				en,
				Base,
			);
			mainGroup = FE06E61428FE1FF600B6F4CE;
			packageReferences = (
				FE62BF82292E603300CC6055 /* XCRemoteSwiftPackageReference "Alamofire" */,
			);
			productRefGroup = FE06E61E28FE1FF600B6F4CE /* Products */;
			projectDirPath = "";
			projectRoot = "";
			targets = (
				FE06E61C28FE1FF600B6F4CE /* AiDraw */,
			);
		};
/* End PBXProject section */

/* Begin PBXResourcesBuildPhase section */
		FE06E61B28FE1FF600B6F4CE /* Resources */ = {
			isa = PBXResourcesBuildPhase;
			buildActionMask = 2147483647;
			files = (
				FE06E63228FE267A00B6F4CE /* DrawingData.json in Resources */,
				FE06E62928FE1FF700B6F4CE /* Preview Assets.xcassets in Resources */,
				FE06E62528FE1FF700B6F4CE /* Assets.xcassets in Resources */,
			);
			runOnlyForDeploymentPostprocessing = 0;
		};
/* End PBXResourcesBuildPhase section */

/* Begin PBXSourcesBuildPhase section */
		FE06E61928FE1FF600B6F4CE /* Sources */ = {
			isa = PBXSourcesBuildPhase;
			buildActionMask = 2147483647;
			files = (
				FEACF994290CC3DF00276E2E /* DrawingProject.swift in Sources */,
				FE62BF81292E5E0500CC6055 /* Constants.swift in Sources */,
				FEACF998290D717000276E2E /* ProjectStore.swift in Sources */,
				FEDCAAD42902641A007D40A5 /* InferredImage.swift in Sources */,
				FE62BF7F292E5D9700CC6055 /* InferenceModels.swift in Sources */,
				FEE46F71290A400500210C54 /* StatesSideBarView.swift in Sources */,
				FEDCAACE29025F92007D40A5 /* InferenceHandler.swift in Sources */,
				FEACF990290CBE6200276E2E /* HistoryPopoverView.swift in Sources */,
				FEDCAACC29025EF4007D40A5 /* ImageSaver.swift in Sources */,
				FEDCAAD1290263B2007D40A5 /* PostToInferenceModalView.swift in Sources */,
				FEDCAAD72903A51B007D40A5 /* ImagePickerView.swift in Sources */,
				FEACF996290CCB5800276E2E /* CodeableImage.swift in Sources */,
				FEDCAAC72900EAF3007D40A5 /* DrawingView.swift in Sources */,
				FE06E62328FE1FF600B6F4CE /* SelectProjectView.swift in Sources */,
				FEDCAAC929025918007D40A5 /* CanvasView.swift in Sources */,
				FE06E62128FE1FF600B6F4CE /* AiDrawApp.swift in Sources */,
				FEACF992290CC11300276E2E /* ImageHelper.swift in Sources */,
			);
			runOnlyForDeploymentPostprocessing = 0;
		};
/* End PBXSourcesBuildPhase section */

/* Begin XCBuildConfiguration section */
		FE06E62A28FE1FF700B6F4CE /* Debug */ = {
			isa = XCBuildConfiguration;
			buildSettings = {
				ALWAYS_SEARCH_USER_PATHS = NO;
				CLANG_ANALYZER_NONNULL = YES;
				CLANG_ANALYZER_NUMBER_OBJECT_CONVERSION = YES_AGGRESSIVE;
				CLANG_CXX_LANGUAGE_STANDARD = "gnu++20";
				CLANG_ENABLE_MODULES = YES;
				CLANG_ENABLE_OBJC_ARC = YES;
				CLANG_ENABLE_OBJC_WEAK = YES;
				CLANG_WARN_BLOCK_CAPTURE_AUTORELEASING = YES;
				CLANG_WARN_BOOL_CONVERSION = YES;
				CLANG_WARN_COMMA = YES;
				CLANG_WARN_CONSTANT_CONVERSION = YES;
				CLANG_WARN_DEPRECATED_OBJC_IMPLEMENTATIONS = YES;
				CLANG_WARN_DIRECT_OBJC_ISA_USAGE = YES_ERROR;
				CLANG_WARN_DOCUMENTATION_COMMENTS = YES;
				CLANG_WARN_EMPTY_BODY = YES;
				CLANG_WARN_ENUM_CONVERSION = YES;
				CLANG_WARN_INFINITE_RECURSION = YES;
				CLANG_WARN_INT_CONVERSION = YES;
				CLANG_WARN_NON_LITERAL_NULL_CONVERSION = YES;
				CLANG_WARN_OBJC_IMPLICIT_RETAIN_SELF = YES;
				CLANG_WARN_OBJC_LITERAL_CONVERSION = YES;
				CLANG_WARN_OBJC_ROOT_CLASS = YES_ERROR;
				CLANG_WARN_QUOTED_INCLUDE_IN_FRAMEWORK_HEADER = YES;
				CLANG_WARN_RANGE_LOOP_ANALYSIS = YES;
				CLANG_WARN_STRICT_PROTOTYPES = YES;
				CLANG_WARN_SUSPICIOUS_MOVE = YES;
				CLANG_WARN_UNGUARDED_AVAILABILITY = YES_AGGRESSIVE;
				CLANG_WARN_UNREACHABLE_CODE = YES;
				CLANG_WARN__DUPLICATE_METHOD_MATCH = YES;
				COPY_PHASE_STRIP = NO;
				DEBUG_INFORMATION_FORMAT = dwarf;
				ENABLE_STRICT_OBJC_MSGSEND = YES;
				ENABLE_TESTABILITY = YES;
				GCC_C_LANGUAGE_STANDARD = gnu11;
				GCC_DYNAMIC_NO_PIC = NO;
				GCC_NO_COMMON_BLOCKS = YES;
				GCC_OPTIMIZATION_LEVEL = 0;
				GCC_PREPROCESSOR_DEFINITIONS = (
					"DEBUG=1",
					"$(inherited)",
				);
				GCC_WARN_64_TO_32_BIT_CONVERSION = YES;
				GCC_WARN_ABOUT_RETURN_TYPE = YES_ERROR;
				GCC_WARN_UNDECLARED_SELECTOR = YES;
				GCC_WARN_UNINITIALIZED_AUTOS = YES_AGGRESSIVE;
				GCC_WARN_UNUSED_FUNCTION = YES;
				GCC_WARN_UNUSED_VARIABLE = YES;
				MTL_ENABLE_DEBUG_INFO = INCLUDE_SOURCE;
				MTL_FAST_MATH = YES;
				ONLY_ACTIVE_ARCH = YES;
				SWIFT_ACTIVE_COMPILATION_CONDITIONS = DEBUG;
				SWIFT_OPTIMIZATION_LEVEL = "-Onone";
			};
			name = Debug;
		};
		FE06E62B28FE1FF700B6F4CE /* Release */ = {
			isa = XCBuildConfiguration;
			buildSettings = {
				ALWAYS_SEARCH_USER_PATHS = NO;
				CLANG_ANALYZER_NONNULL = YES;
				CLANG_ANALYZER_NUMBER_OBJECT_CONVERSION = YES_AGGRESSIVE;
				CLANG_CXX_LANGUAGE_STANDARD = "gnu++20";
				CLANG_ENABLE_MODULES = YES;
				CLANG_ENABLE_OBJC_ARC = YES;
				CLANG_ENABLE_OBJC_WEAK = YES;
				CLANG_WARN_BLOCK_CAPTURE_AUTORELEASING = YES;
				CLANG_WARN_BOOL_CONVERSION = YES;
				CLANG_WARN_COMMA = YES;
				CLANG_WARN_CONSTANT_CONVERSION = YES;
				CLANG_WARN_DEPRECATED_OBJC_IMPLEMENTATIONS = YES;
				CLANG_WARN_DIRECT_OBJC_ISA_USAGE = YES_ERROR;
				CLANG_WARN_DOCUMENTATION_COMMENTS = YES;
				CLANG_WARN_EMPTY_BODY = YES;
				CLANG_WARN_ENUM_CONVERSION = YES;
				CLANG_WARN_INFINITE_RECURSION = YES;
				CLANG_WARN_INT_CONVERSION = YES;
				CLANG_WARN_NON_LITERAL_NULL_CONVERSION = YES;
				CLANG_WARN_OBJC_IMPLICIT_RETAIN_SELF = YES;
				CLANG_WARN_OBJC_LITERAL_CONVERSION = YES;
				CLANG_WARN_OBJC_ROOT_CLASS = YES_ERROR;
				CLANG_WARN_QUOTED_INCLUDE_IN_FRAMEWORK_HEADER = YES;
				CLANG_WARN_RANGE_LOOP_ANALYSIS = YES;
				CLANG_WARN_STRICT_PROTOTYPES = YES;
				CLANG_WARN_SUSPICIOUS_MOVE = YES;
				CLANG_WARN_UNGUARDED_AVAILABILITY = YES_AGGRESSIVE;
				CLANG_WARN_UNREACHABLE_CODE = YES;
				CLANG_WARN__DUPLICATE_METHOD_MATCH = YES;
				COPY_PHASE_STRIP = NO;
				DEBUG_INFORMATION_FORMAT = "dwarf-with-dsym";
				ENABLE_NS_ASSERTIONS = NO;
				ENABLE_STRICT_OBJC_MSGSEND = YES;
				GCC_C_LANGUAGE_STANDARD = gnu11;
				GCC_NO_COMMON_BLOCKS = YES;
				GCC_WARN_64_TO_32_BIT_CONVERSION = YES;
				GCC_WARN_ABOUT_RETURN_TYPE = YES_ERROR;
				GCC_WARN_UNDECLARED_SELECTOR = YES;
				GCC_WARN_UNINITIALIZED_AUTOS = YES_AGGRESSIVE;
				GCC_WARN_UNUSED_FUNCTION = YES;
				GCC_WARN_UNUSED_VARIABLE = YES;
				MTL_ENABLE_DEBUG_INFO = NO;
				MTL_FAST_MATH = YES;
				SWIFT_COMPILATION_MODE = wholemodule;
				SWIFT_OPTIMIZATION_LEVEL = "-O";
			};
			name = Release;
		};
		FE06E62D28FE1FF700B6F4CE /* Debug */ = {
			isa = XCBuildConfiguration;
			buildSettings = {
				ASSETCATALOG_COMPILER_APPICON_NAME = AppIcon;
				ASSETCATALOG_COMPILER_GLOBAL_ACCENT_COLOR_NAME = AccentColor;
				ASSETCATALOG_COMPILER_INCLUDE_ALL_APPICON_ASSETS = YES;
				CODE_SIGN_ENTITLEMENTS = AiDraw/AiDraw.entitlements;
				CODE_SIGN_STYLE = Automatic;
				CURRENT_PROJECT_VERSION = 1;
				DEVELOPMENT_ASSET_PATHS = "\"AiDraw/Preview Content\"";
				DEVELOPMENT_TEAM = 3L5P5S227G;
				ENABLE_HARDENED_RUNTIME = YES;
				ENABLE_PREVIEWS = YES;
				GENERATE_INFOPLIST_FILE = YES;
				INFOPLIST_FILE = AiDraw/Info.plist;
				INFOPLIST_KEY_LSApplicationCategoryType = "public.app-category.graphics-design";
				INFOPLIST_KEY_NSPhotoLibraryUsageDescription = AiDraw;
				"INFOPLIST_KEY_UIApplicationSceneManifest_Generation[sdk=iphoneos*]" = YES;
				"INFOPLIST_KEY_UIApplicationSceneManifest_Generation[sdk=iphonesimulator*]" = YES;
				"INFOPLIST_KEY_UIApplicationSupportsIndirectInputEvents[sdk=iphoneos*]" = YES;
				"INFOPLIST_KEY_UIApplicationSupportsIndirectInputEvents[sdk=iphonesimulator*]" = YES;
				"INFOPLIST_KEY_UILaunchScreen_Generation[sdk=iphoneos*]" = YES;
				"INFOPLIST_KEY_UILaunchScreen_Generation[sdk=iphonesimulator*]" = YES;
				INFOPLIST_KEY_UIStatusBarStyle = "";
				"INFOPLIST_KEY_UIStatusBarStyle[sdk=iphoneos*]" = UIStatusBarStyleDefault;
				"INFOPLIST_KEY_UIStatusBarStyle[sdk=iphonesimulator*]" = UIStatusBarStyleDefault;
				INFOPLIST_KEY_UISupportedInterfaceOrientations_iPad = "UIInterfaceOrientationPortrait UIInterfaceOrientationPortraitUpsideDown UIInterfaceOrientationLandscapeLeft UIInterfaceOrientationLandscapeRight";
				INFOPLIST_KEY_UISupportedInterfaceOrientations_iPhone = "UIInterfaceOrientationPortrait UIInterfaceOrientationLandscapeLeft UIInterfaceOrientationLandscapeRight";
				INFOPLIST_KEY_UIUserInterfaceStyle = Light;
				IPHONEOS_DEPLOYMENT_TARGET = 16.0;
				LD_RUNPATH_SEARCH_PATHS = "@executable_path/Frameworks";
				"LD_RUNPATH_SEARCH_PATHS[sdk=macosx*]" = "@executable_path/../Frameworks";
				MACOSX_DEPLOYMENT_TARGET = 12.3;
				MARKETING_VERSION = 1.0;
				PRODUCT_BUNDLE_IDENTIFIER = com.madebykiet.AiDraw;
				PRODUCT_NAME = "$(TARGET_NAME)";
				SDKROOT = auto;
				SUPPORTED_PLATFORMS = "iphoneos iphonesimulator";
				SUPPORTS_MACCATALYST = NO;
				SUPPORTS_MAC_DESIGNED_FOR_IPHONE_IPAD = NO;
				SWIFT_EMIT_LOC_STRINGS = YES;
				SWIFT_VERSION = 5.0;
				TARGETED_DEVICE_FAMILY = "1,2";
			};
			name = Debug;
		};
		FE06E62E28FE1FF700B6F4CE /* Release */ = {
			isa = XCBuildConfiguration;
			buildSettings = {
				ASSETCATALOG_COMPILER_APPICON_NAME = AppIcon;
				ASSETCATALOG_COMPILER_GLOBAL_ACCENT_COLOR_NAME = AccentColor;
				ASSETCATALOG_COMPILER_INCLUDE_ALL_APPICON_ASSETS = YES;
				CODE_SIGN_ENTITLEMENTS = AiDraw/AiDraw.entitlements;
				CODE_SIGN_STYLE = Automatic;
				CURRENT_PROJECT_VERSION = 1;
				DEVELOPMENT_ASSET_PATHS = "\"AiDraw/Preview Content\"";
				DEVELOPMENT_TEAM = 3L5P5S227G;
				ENABLE_HARDENED_RUNTIME = YES;
				ENABLE_PREVIEWS = YES;
				GENERATE_INFOPLIST_FILE = YES;
				INFOPLIST_FILE = AiDraw/Info.plist;
				INFOPLIST_KEY_LSApplicationCategoryType = "public.app-category.graphics-design";
				INFOPLIST_KEY_NSPhotoLibraryUsageDescription = AiDraw;
				"INFOPLIST_KEY_UIApplicationSceneManifest_Generation[sdk=iphoneos*]" = YES;
				"INFOPLIST_KEY_UIApplicationSceneManifest_Generation[sdk=iphonesimulator*]" = YES;
				"INFOPLIST_KEY_UIApplicationSupportsIndirectInputEvents[sdk=iphoneos*]" = YES;
				"INFOPLIST_KEY_UIApplicationSupportsIndirectInputEvents[sdk=iphonesimulator*]" = YES;
				"INFOPLIST_KEY_UILaunchScreen_Generation[sdk=iphoneos*]" = YES;
				"INFOPLIST_KEY_UILaunchScreen_Generation[sdk=iphonesimulator*]" = YES;
				INFOPLIST_KEY_UIStatusBarStyle = "";
				"INFOPLIST_KEY_UIStatusBarStyle[sdk=iphoneos*]" = UIStatusBarStyleDefault;
				"INFOPLIST_KEY_UIStatusBarStyle[sdk=iphonesimulator*]" = UIStatusBarStyleDefault;
				INFOPLIST_KEY_UISupportedInterfaceOrientations_iPad = "UIInterfaceOrientationPortrait UIInterfaceOrientationPortraitUpsideDown UIInterfaceOrientationLandscapeLeft UIInterfaceOrientationLandscapeRight";
				INFOPLIST_KEY_UISupportedInterfaceOrientations_iPhone = "UIInterfaceOrientationPortrait UIInterfaceOrientationLandscapeLeft UIInterfaceOrientationLandscapeRight";
				INFOPLIST_KEY_UIUserInterfaceStyle = Light;
				IPHONEOS_DEPLOYMENT_TARGET = 16.0;
				LD_RUNPATH_SEARCH_PATHS = "@executable_path/Frameworks";
				"LD_RUNPATH_SEARCH_PATHS[sdk=macosx*]" = "@executable_path/../Frameworks";
				MACOSX_DEPLOYMENT_TARGET = 12.3;
				MARKETING_VERSION = 1.0;
				PRODUCT_BUNDLE_IDENTIFIER = com.madebykiet.AiDraw;
				PRODUCT_NAME = "$(TARGET_NAME)";
				SDKROOT = auto;
				SUPPORTED_PLATFORMS = "iphoneos iphonesimulator";
				SUPPORTS_MACCATALYST = NO;
				SUPPORTS_MAC_DESIGNED_FOR_IPHONE_IPAD = NO;
				SWIFT_EMIT_LOC_STRINGS = YES;
				SWIFT_VERSION = 5.0;
				TARGETED_DEVICE_FAMILY = "1,2";
			};
			name = Release;
		};
/* End XCBuildConfiguration section */

/* Begin XCConfigurationList section */
		FE06E61828FE1FF600B6F4CE /* Build configuration list for PBXProject "AiDraw" */ = {
			isa = XCConfigurationList;
			buildConfigurations = (
				FE06E62A28FE1FF700B6F4CE /* Debug */,
				FE06E62B28FE1FF700B6F4CE /* Release */,
			);
			defaultConfigurationIsVisible = 0;
			defaultConfigurationName = Release;
		};
		FE06E62C28FE1FF700B6F4CE /* Build configuration list for PBXNativeTarget "AiDraw" */ = {
			isa = XCConfigurationList;
			buildConfigurations = (
				FE06E62D28FE1FF700B6F4CE /* Debug */,
				FE06E62E28FE1FF700B6F4CE /* Release */,
			);
			defaultConfigurationIsVisible = 0;
			defaultConfigurationName = Release;
		};
/* End XCConfigurationList section */

/* Begin XCRemoteSwiftPackageReference section */
		FE62BF82292E603300CC6055 /* XCRemoteSwiftPackageReference "Alamofire" */ = {
			isa = XCRemoteSwiftPackageReference;
			repositoryURL = "https://github.com/Alamofire/Alamofire";
			requirement = {
				kind = upToNextMajorVersion;
				minimumVersion = 5.0.0;
			};
		};
/* End XCRemoteSwiftPackageReference section */

/* Begin XCSwiftPackageProductDependency section */
		FE62BF83292E603300CC6055 /* Alamofire */ = {
			isa = XCSwiftPackageProductDependency;
			package = FE62BF82292E603300CC6055 /* XCRemoteSwiftPackageReference "Alamofire" */;
			productName = Alamofire;
		};
/* End XCSwiftPackageProductDependency section */
	};
	rootObject = FE06E61528FE1FF600B6F4CE /* Project object */;
}
